
Microsoft Visual Studio Solution File, Format Version 12.00
# Visual Studio Version 17
VisualStudioVersion = 17.5.33424.131
MinimumVisualStudioVersion = 10.0.40219.1
Project("{9A19103F-16F7-4668-BE54-9A1E7A4F7556}") = "EFCoreMySql", "EFCoreMySql.csproj", "{E6F61E39-6C10-4B7C-9E1D-4D94673CFC24}"
EndProject
Project("{FAE04EC0-301F-11D3-BF4B-00C04F79EFBC}") = "DelegateTypes", "..\DelegateTypes\DelegateTypes.csproj", "{A5F956A3-4B06-46D2-A0BD-01771F0D0971}"
EndProject
Global
	GlobalSection(SolutionConfigurationPlatforms) = preSolution
		Debug|Any CPU = Debug|Any CPU
		Release|Any CPU = Release|Any CPU
	EndGlobalSection
	GlobalSection(ProjectConfigurationPlatforms) = postSolution
		{E6F61E39-6C10-4B7C-9E1D-4D94673CFC24}.Debug|Any CPU.ActiveCfg = Debug|Any CPU
		{E6F61E39-6C10-4B7C-9E1D-4D94673CFC24}.Debug|Any CPU.Build.0 = Debug|Any CPU
		{E6F61E39-6C10-4B7C-9E1D-4D94673CFC24}.Release|Any CPU.ActiveCfg = Release|Any CPU
		{E6F61E39-6C10-4B7C-9E1D-4D94673CFC24}.Release|Any CPU.Build.0 = Release|Any CPU
		{A5F956A3-4B06-46D2-A0BD-01771F0D0971}.Debug|Any CPU.ActiveCfg = Debug|Any CPU
		{A5F956A3-4B06-46D2-A0BD-01771F0D0971}.Debug|Any CPU.Build.0 = Debug|Any CPU
		{A5F956A3-4B06-46D2-A0BD-01771F0D0971}.Release|Any CPU.ActiveCfg = Release|Any CPU
		{A5F956A3-4B06-46D2-A0BD-01771F0D0971}.Release|Any CPU.Build.0 = Release|Any CPU
	EndGlobalSection
	GlobalSection(SolutionProperties) = preSolution
		HideSolutionNode = FALSE
	EndGlobalSection
	GlobalSection(ExtensibilityGlobals) = postSolution
		SolutionGuid = {7E01BA48-6B43-4EC5-985B-14664D3504C7}
	EndGlobalSection
EndGlobal
